// !$*UTF8*$!
{
	archiveVersion = 1;
	classes = {
	};
	objectVersion = 50;
	objects = {

/* Begin PBXBuildFile section */
		2C1B14C822D8236000D07FC0 /* AppDelegate.m in Sources */ = {isa = PBXBuildFile; fileRef = 2C1B14C722D8236000D07FC0 /* AppDelegate.m */; };
		2C1B14CB22D8236000D07FC0 /* ViewController.m in Sources */ = {isa = PBXBuildFile; fileRef = 2C1B14CA22D8236000D07FC0 /* ViewController.m */; };
		2C1B14CE22D8236000D07FC0 /* Main.storyboard in Resources */ = {isa = PBXBuildFile; fileRef = 2C1B14CC22D8236000D07FC0 /* Main.storyboard */; };
		2C1B14D022D8236100D07FC0 /* Assets.xcassets in Resources */ = {isa = PBXBuildFile; fileRef = 2C1B14CF22D8236100D07FC0 /* Assets.xcassets */; };
		2C1B14D322D8236100D07FC0 /* LaunchScreen.storyboard in Resources */ = {isa = PBXBuildFile; fileRef = 2C1B14D122D8236100D07FC0 /* LaunchScreen.storyboard */; };
		2C1B14D622D8236100D07FC0 /* main.m in Sources */ = {isa = PBXBuildFile; fileRef = 2C1B14D522D8236100D07FC0 /* main.m */; };
		2C1B14E022D8236200D07FC0 /* osksiTests.m in Sources */ = {isa = PBXBuildFile; fileRef = 2C1B14DF22D8236200D07FC0 /* osksiTests.m */; };
		2C1B14EB22D8236200D07FC0 /* osksiUITests.m in Sources */ = {isa = PBXBuildFile; fileRef = 2C1B14EA22D8236200D07FC0 /* osksiUITests.m */; };
		2C1B14FA22D8237800D07FC0 /* ViewController2.m in Sources */ = {isa = PBXBuildFile; fileRef = 2C1B14F922D8237800D07FC0 /* ViewController2.m */; };
/* End PBXBuildFile section */

/* Begin PBXContainerItemProxy section */
		2C1B14DC22D8236100D07FC0 /* PBXContainerItemProxy */ = {
			isa = PBXContainerItemProxy;
			containerPortal = 2C1B14BB22D8236000D07FC0 /* Project object */;
			proxyType = 1;
			remoteGlobalIDString = 2C1B14C222D8236000D07FC0;
			remoteInfo = osksi;
		};
		2C1B14E722D8236200D07FC0 /* PBXContainerItemProxy */ = {
			isa = PBXContainerItemProxy;
			containerPortal = 2C1B14BB22D8236000D07FC0 /* Project object */;
			proxyType = 1;
			remoteGlobalIDString = 2C1B14C222D8236000D07FC0;
			remoteInfo = osksi;
		};
/* End PBXContainerItemProxy section */

/* Begin PBXFileReference section */
		2C1B14C322D8236000D07FC0 /* osksi.app */ = {isa = PBXFileReference; explicitFileType = wrapper.application; includeInIndex = 0; path = osksi.app; sourceTree = BUILT_PRODUCTS_DIR; };
		2C1B14C622D8236000D07FC0 /* AppDelegate.h */ = {isa = PBXFileReference; lastKnownFileType = sourcecode.c.h; path = AppDelegate.h; sourceTree = "<group>"; };
		2C1B14C722D8236000D07FC0 /* AppDelegate.m */ = {isa = PBXFileReference; lastKnownFileType = sourcecode.c.objc; path = AppDelegate.m; sourceTree = "<group>"; };
		2C1B14C922D8236000D07FC0 /* ViewController.h */ = {isa = PBXFileReference; lastKnownFileType = sourcecode.c.h; path = ViewController.h; sourceTree = "<group>"; };
		2C1B14CA22D8236000D07FC0 /* ViewController.m */ = {isa = PBXFileReference; lastKnownFileType = sourcecode.c.objc; path = ViewController.m; sourceTree = "<group>"; };
		2C1B14CD22D8236000D07FC0 /* Base */ = {isa = PBXFileReference; lastKnownFileType = file.storyboard; name = Base; path = Base.lproj/Main.storyboard; sourceTree = "<group>"; };
		2C1B14CF22D8236100D07FC0 /* Assets.xcassets */ = {isa = PBXFileReference; lastKnownFileType = folder.assetcatalog; path = Assets.xcassets; sourceTree = "<group>"; };
		2C1B14D222D8236100D07FC0 /* Base */ = {isa = PBXFileReference; lastKnownFileType = file.storyboard; name = Base; path = Base.lproj/LaunchScreen.storyboard; sourceTree = "<group>"; };
		2C1B14D422D8236100D07FC0 /* Info.plist */ = {isa = PBXFileReference; lastKnownFileType = text.plist.xml; path = Info.plist; sourceTree = "<group>"; };
		2C1B14D522D8236100D07FC0 /* main.m */ = {isa = PBXFileReference; lastKnownFileType = sourcecode.c.objc; path = main.m; sourceTree = "<group>"; };
		2C1B14DB22D8236100D07FC0 /* osksiTests.xctest */ = {isa = PBXFileReference; explicitFileType = wrapper.cfbundle; includeInIndex = 0; path = osksiTests.xctest; sourceTree = BUILT_PRODUCTS_DIR; };
		2C1B14DF22D8236200D07FC0 /* osksiTests.m */ = {isa = PBXFileReference; lastKnownFileType = sourcecode.c.objc; path = osksiTests.m; sourceTree = "<group>"; };
		2C1B14E122D8236200D07FC0 /* Info.plist */ = {isa = PBXFileReference; lastKnownFileType = text.plist.xml; path = Info.plist; sourceTree = "<group>"; };
		2C1B14E622D8236200D07FC0 /* osksiUITests.xctest */ = {isa = PBXFileReference; explicitFileType = wrapper.cfbundle; includeInIndex = 0; path = osksiUITests.xctest; sourceTree = BUILT_PRODUCTS_DIR; };
		2C1B14EA22D8236200D07FC0 /* osksiUITests.m */ = {isa = PBXFileReference; lastKnownFileType = sourcecode.c.objc; path = osksiUITests.m; sourceTree = "<group>"; };
		2C1B14EC22D8236200D07FC0 /* Info.plist */ = {isa = PBXFileReference; lastKnownFileType = text.plist.xml; path = Info.plist; sourceTree = "<group>"; };
		2C1B14F822D8237800D07FC0 /* ViewController2.h */ = {isa = PBXFileReference; lastKnownFileType = sourcecode.c.h; path = ViewController2.h; sourceTree = "<group>"; };
		2C1B14F922D8237800D07FC0 /* ViewController2.m */ = {isa = PBXFileReference; lastKnownFileType = sourcecode.c.objc; path = ViewController2.m; sourceTree = "<group>"; };
/* End PBXFileReference section */

/* Begin PBXFrameworksBuildPhase section */
		2C1B14C022D8236000D07FC0 /* Frameworks */ = {
			isa = PBXFrameworksBuildPhase;
			buildActionMask = 2147483647;
			files = (
			);
			runOnlyForDeploymentPostprocessing = 0;
		};
		2C1B14D822D8236100D07FC0 /* Frameworks */ = {
			isa = PBXFrameworksBuildPhase;
			buildActionMask = 2147483647;
			files = (
			);
			runOnlyForDeploymentPostprocessing = 0;
		};
		2C1B14E322D8236200D07FC0 /* Frameworks */ = {
			isa = PBXFrameworksBuildPhase;
			buildActionMask = 2147483647;
			files = (
			);
			runOnlyForDeploymentPostprocessing = 0;
		};
/* End PBXFrameworksBuildPhase section */

/* Begin PBXGroup section */
		2C1B14BA22D8236000D07FC0 = {
			isa = PBXGroup;
			children = (
				2C1B14C522D8236000D07FC0 /* osksi */,
				2C1B14DE22D8236100D07FC0 /* osksiTests */,
				2C1B14E922D8236200D07FC0 /* osksiUITests */,
				2C1B14C422D8236000D07FC0 /* Products */,
			);
			sourceTree = "<group>";
		};
		2C1B14C422D8236000D07FC0 /* Products */ = {
			isa = PBXGroup;
			children = (
				2C1B14C322D8236000D07FC0 /* osksi.app */,
				2C1B14DB22D8236100D07FC0 /* osksiTests.xctest */,
				2C1B14E622D8236200D07FC0 /* osksiUITests.xctest */,
			);
			name = Products;
			sourceTree = "<group>";
		};
		2C1B14C522D8236000D07FC0 /* osksi */ = {
			isa = PBXGroup;
			children = (
				2C1B14C622D8236000D07FC0 /* AppDelegate.h */,
				2C1B14C722D8236000D07FC0 /* AppDelegate.m */,
				2C1B14C922D8236000D07FC0 /* ViewController.h */,
				2C1B14CA22D8236000D07FC0 /* ViewController.m */,
				2C1B14F822D8237800D07FC0 /* ViewController2.h */,
				2C1B14F922D8237800D07FC0 /* ViewController2.m */,
				2C1B14CC22D8236000D07FC0 /* Main.storyboard */,
				2C1B14CF22D8236100D07FC0 /* Assets.xcassets */,
				2C1B14D122D8236100D07FC0 /* LaunchScreen.storyboard */,
				2C1B14D422D8236100D07FC0 /* Info.plist */,
				2C1B14D522D8236100D07FC0 /* main.m */,
			);
			path = osksi;
			sourceTree = "<group>";
		};
		2C1B14DE22D8236100D07FC0 /* osksiTests */ = {
			isa = PBXGroup;
			children = (
				2C1B14DF22D8236200D07FC0 /* osksiTests.m */,
				2C1B14E122D8236200D07FC0 /* Info.plist */,
			);
			path = osksiTests;
			sourceTree = "<group>";
		};
		2C1B14E922D8236200D07FC0 /* osksiUITests */ = {
			isa = PBXGroup;
			children = (
				2C1B14EA22D8236200D07FC0 /* osksiUITests.m */,
				2C1B14EC22D8236200D07FC0 /* Info.plist */,
			);
			path = osksiUITests;
			sourceTree = "<group>";
		};
/* End PBXGroup section */

/* Begin PBXNativeTarget section */
		2C1B14C222D8236000D07FC0 /* osksi */ = {
			isa = PBXNativeTarget;
			buildConfigurationList = 2C1B14EF22D8236200D07FC0 /* Build configuration list for PBXNativeTarget "osksi" */;
			buildPhases = (
				2C1B14BF22D8236000D07FC0 /* Sources */,
				2C1B14C022D8236000D07FC0 /* Frameworks */,
				2C1B14C122D8236000D07FC0 /* Resources */,
			);
			buildRules = (
			);
			dependencies = (
			);
			name = osksi;
			productName = osksi;
			productReference = 2C1B14C322D8236000D07FC0 /* osksi.app */;
			productType = "com.apple.product-type.application";
		};
		2C1B14DA22D8236100D07FC0 /* osksiTests */ = {
			isa = PBXNativeTarget;
			buildConfigurationList = 2C1B14F222D8236200D07FC0 /* Build configuration list for PBXNativeTarget "osksiTests" */;
			buildPhases = (
				2C1B14D722D8236100D07FC0 /* Sources */,
				2C1B14D822D8236100D07FC0 /* Frameworks */,
				2C1B14D922D8236100D07FC0 /* Resources */,
			);
			buildRules = (
			);
			dependencies = (
				2C1B14DD22D8236100D07FC0 /* PBXTargetDependency */,
			);
			name = osksiTests;
			productName = osksiTests;
			productReference = 2C1B14DB22D8236100D07FC0 /* osksiTests.xctest */;
			productType = "com.apple.product-type.bundle.unit-test";
		};
		2C1B14E522D8236200D07FC0 /* osksiUITests */ = {
			isa = PBXNativeTarget;
			buildConfigurationList = 2C1B14F522D8236200D07FC0 /* Build configuration list for PBXNativeTarget "osksiUITests" */;
			buildPhases = (
				2C1B14E222D8236200D07FC0 /* Sources */,
				2C1B14E322D8236200D07FC0 /* Frameworks */,
				2C1B14E422D8236200D07FC0 /* Resources */,
			);
			buildRules = (
			);
			dependencies = (
				2C1B14E822D8236200D07FC0 /* PBXTargetDependency */,
			);
			name = osksiUITests;
			productName = osksiUITests;
			productReference = 2C1B14E622D8236200D07FC0 /* osksiUITests.xctest */;
			productType = "com.apple.product-type.bundle.ui-testing";
		};
/* End PBXNativeTarget section */

/* Begin PBXProject section */
		2C1B14BB22D8236000D07FC0 /* Project object */ = {
			isa = PBXProject;
			attributes = {
				LastUpgradeCheck = 1010;
				ORGANIZATIONNAME = fls;
				TargetAttributes = {
					2C1B14C222D8236000D07FC0 = {
						CreatedOnToolsVersion = 10.1;
					};
					2C1B14DA22D8236100D07FC0 = {
						CreatedOnToolsVersion = 10.1;
						TestTargetID = 2C1B14C222D8236000D07FC0;
					};
					2C1B14E522D8236200D07FC0 = {
						CreatedOnToolsVersion = 10.1;
						TestTargetID = 2C1B14C222D8236000D07FC0;
					};
				};
			};
			buildConfigurationList = 2C1B14BE22D8236000D07FC0 /* Build configuration list for PBXProject "osksi" */;
			compatibilityVersion = "Xcode 9.3";
			developmentRegion = en;
			hasScannedForEncodings = 0;
			knownRegions = (
				en,
				Base,
			);
			mainGroup = 2C1B14BA22D8236000D07FC0;
			productRefGroup = 2C1B14C422D8236000D07FC0 /* Products */;
			projectDirPath = "";
			projectRoot = "";
			targets = (
				2C1B14C222D8236000D07FC0 /* osksi */,
				2C1B14DA22D8236100D07FC0 /* osksiTests */,
				2C1B14E522D8236200D07FC0 /* osksiUITests */,
			);
		};
/* End PBXProject section */

/* Begin PBXResourcesBuildPhase section */
		2C1B14C122D8236000D07FC0 /* Resources */ = {
			isa = PBXResourcesBuildPhase;
			buildActionMask = 2147483647;
			files = (
				2C1B14D322D8236100D07FC0 /* LaunchScreen.storyboard in Resources */,
				2C1B14D022D8236100D07FC0 /* Assets.xcassets in Resources */,
				2C1B14CE22D8236000D07FC0 /* Main.storyboard in Resources */,
			);
			runOnlyForDeploymentPostprocessing = 0;
		};
		2C1B14D922D8236100D07FC0 /* Resources */ = {
			isa = PBXResourcesBuildPhase;
			buildActionMask = 2147483647;
			files = (
			);
			runOnlyForDeploymentPostprocessing = 0;
		};
		2C1B14E422D8236200D07FC0 /* Resources */ = {
			isa = PBXResourcesBuildPhase;
			buildActionMask = 2147483647;
			files = (
			);
			runOnlyForDeploymentPostprocessing = 0;
		};
/* End PBXResourcesBuildPhase section */

/* Begin PBXSourcesBuildPhase section */
		2C1B14BF22D8236000D07FC0 /* Sources */ = {
			isa = PBXSourcesBuildPhase;
			buildActionMask = 2147483647;
			files = (
				2C1B14CB22D8236000D07FC0 /* ViewController.m in Sources */,
				2C1B14FA22D8237800D07FC0 /* ViewController2.m in Sources */,
				2C1B14D622D8236100D07FC0 /* main.m in Sources */,
				2C1B14C822D8236000D07FC0 /* AppDelegate.m in Sources */,
			);
			runOnlyForDeploymentPostprocessing = 0;
		};
		2C1B14D722D8236100D07FC0 /* Sources */ = {
			isa = PBXSourcesBuildPhase;
			buildActionMask = 2147483647;
			files = (
				2C1B14E022D8236200D07FC0 /* osksiTests.m in Sources */,
			);
			runOnlyForDeploymentPostprocessing = 0;
		};
		2C1B14E222D8236200D07FC0 /* Sources */ = {
			isa = PBXSourcesBuildPhase;
			buildActionMask = 2147483647;
			files = (
				2C1B14EB22D8236200D07FC0 /* osksiUITests.m in Sources */,
			);
			runOnlyForDeploymentPostprocessing = 0;
		};
/* End PBXSourcesBuildPhase section */

/* Begin PBXTargetDependency section */
		2C1B14DD22D8236100D07FC0 /* PBXTargetDependency */ = {
			isa = PBXTargetDependency;
			target = 2C1B14C222D8236000D07FC0 /* osksi */;
			targetProxy = 2C1B14DC22D8236100D07FC0 /* PBXContainerItemProxy */;
		};
		2C1B14E822D8236200D07FC0 /* PBXTargetDependency */ = {
			isa = PBXTargetDependency;
			target = 2C1B14C222D8236000D07FC0 /* osksi */;
			targetProxy = 2C1B14E722D8236200D07FC0 /* PBXContainerItemProxy */;
		};
/* End PBXTargetDependency section */

/* Begin PBXVariantGroup section */
		2C1B14CC22D8236000D07FC0 /* Main.storyboard */ = {
			isa = PBXVariantGroup;
			children = (
				2C1B14CD22D8236000D07FC0 /* Base */,
			);
			name = Main.storyboard;
			sourceTree = "<group>";
		};
		2C1B14D122D8236100D07FC0 /* LaunchScreen.storyboard */ = {
			isa = PBXVariantGroup;
			children = (
				2C1B14D222D8236100D07FC0 /* Base */,
			);
			name = LaunchScreen.storyboard;
			sourceTree = "<group>";
		};
/* End PBXVariantGroup section */

/* Begin XCBuildConfiguration section */
		2C1B14ED22D8236200D07FC0 /* Debug */ = {
			isa = XCBuildConfiguration;
			buildSettings = {
				ALWAYS_SEARCH_USER_PATHS = NO;
				CLANG_ANALYZER_NONNULL = YES;
				CLANG_ANALYZER_NUMBER_OBJECT_CONVERSION = YES_AGGRESSIVE;
				CLANG_CXX_LANGUAGE_STANDARD = "gnu++14";
				CLANG_CXX_LIBRARY = "libc++";
				CLANG_ENABLE_MODULES = YES;
				CLANG_ENABLE_OBJC_ARC = YES;
				CLANG_ENABLE_OBJC_WEAK = YES;
				CLANG_WARN_BLOCK_CAPTURE_AUTORELEASING = YES;
				CLANG_WARN_BOOL_CONVERSION = YES;
				CLANG_WARN_COMMA = YES;
				CLANG_WARN_CONSTANT_CONVERSION = YES;
				CLANG_WARN_DEPRECATED_OBJC_IMPLEMENTATIONS = YES;
				CLANG_WARN_DIRECT_OBJC_ISA_USAGE = YES_ERROR;
				CLANG_WARN_DOCUMENTATION_COMMENTS = YES;
				CLANG_WARN_EMPTY_BODY = YES;
				CLANG_WARN_ENUM_CONVERSION = YES;
				CLANG_WARN_INFINITE_RECURSION = YES;
				CLANG_WARN_INT_CONVERSION = YES;
				CLANG_WARN_NON_LITERAL_NULL_CONVERSION = YES;
				CLANG_WARN_OBJC_IMPLICIT_RETAIN_SELF = YES;
				CLANG_WARN_OBJC_LITERAL_CONVERSION = YES;
				CLANG_WARN_OBJC_ROOT_CLASS = YES_ERROR;
				CLANG_WARN_RANGE_LOOP_ANALYSIS = YES;
				CLANG_WARN_STRICT_PROTOTYPES = YES;
				CLANG_WARN_SUSPICIOUS_MOVE = YES;
				CLANG_WARN_UNGUARDED_AVAILABILITY = YES_AGGRESSIVE;
				CLANG_WARN_UNREACHABLE_CODE = YES;
				CLANG_WARN__DUPLICATE_METHOD_MATCH = YES;
				CODE_SIGN_IDENTITY = "iPhone Developer";
				COPY_PHASE_STRIP = NO;
				DEBUG_INFORMATION_FORMAT = dwarf;
				ENABLE_STRICT_OBJC_MSGSEND = YES;
				ENABLE_TESTABILITY = YES;
				GCC_C_LANGUAGE_STANDARD = gnu11;
				GCC_DYNAMIC_NO_PIC = NO;
				GCC_NO_COMMON_BLOCKS = YES;
				GCC_OPTIMIZATION_LEVEL = 0;
				GCC_PREPROCESSOR_DEFINITIONS = (
					"DEBUG=1",
					"$(inherited)",
				);
				GCC_WARN_64_TO_32_BIT_CONVERSION = YES;
				GCC_WARN_ABOUT_RETURN_TYPE = YES_ERROR;
				GCC_WARN_UNDECLARED_SELECTOR = YES;
				GCC_WARN_UNINITIALIZED_AUTOS = YES_AGGRESSIVE;
				GCC_WARN_UNUSED_FUNCTION = YES;
				GCC_WARN_UNUSED_VARIABLE = YES;
				IPHONEOS_DEPLOYMENT_TARGET = 12.1;
				MTL_ENABLE_DEBUG_INFO = INCLUDE_SOURCE;
				MTL_FAST_MATH = YES;
				ONLY_ACTIVE_ARCH = YES;
				SDKROOT = iphoneos;
			};
			name = Debug;
		};
		2C1B14EE22D8236200D07FC0 /* Release */ = {
			isa = XCBuildConfiguration;
			buildSettings = {
				ALWAYS_SEARCH_USER_PATHS = NO;
				CLANG_ANALYZER_NONNULL = YES;
				CLANG_ANALYZER_NUMBER_OBJECT_CONVERSION = YES_AGGRESSIVE;
				CLANG_CXX_LANGUAGE_STANDARD = "gnu++14";
				CLANG_CXX_LIBRARY = "libc++";
				CLANG_ENABLE_MODULES = YES;
				CLANG_ENABLE_OBJC_ARC = YES;
				CLANG_ENABLE_OBJC_WEAK = YES;
				CLANG_WARN_BLOCK_CAPTURE_AUTORELEASING = YES;
				CLANG_WARN_BOOL_CONVERSION = YES;
				CLANG_WARN_COMMA = YES;
				CLANG_WARN_CONSTANT_CONVERSION = YES;
				CLANG_WARN_DEPRECATED_OBJC_IMPLEMENTATIONS = YES;
				CLANG_WARN_DIRECT_OBJC_ISA_USAGE = YES_ERROR;
				CLANG_WARN_DOCUMENTATION_COMMENTS = YES;
				CLANG_WARN_EMPTY_BODY = YES;
				CLANG_WARN_ENUM_CONVERSION = YES;
				CLANG_WARN_INFINITE_RECURSION = YES;
				CLANG_WARN_INT_CONVERSION = YES;
				CLANG_WARN_NON_LITERAL_NULL_CONVERSION = YES;
				CLANG_WARN_OBJC_IMPLICIT_RETAIN_SELF = YES;
				CLANG_WARN_OBJC_LITERAL_CONVERSION = YES;
				CLANG_WARN_OBJC_ROOT_CLASS = YES_ERROR;
				CLANG_WARN_RANGE_LOOP_ANALYSIS = YES;
				CLANG_WARN_STRICT_PROTOTYPES = YES;
				CLANG_WARN_SUSPICIOUS_MOVE = YES;
				CLANG_WARN_UNGUARDED_AVAILABILITY = YES_AGGRESSIVE;
				CLANG_WARN_UNREACHABLE_CODE = YES;
				CLANG_WARN__DUPLICATE_METHOD_MATCH = YES;
				CODE_SIGN_IDENTITY = "iPhone Developer";
				COPY_PHASE_STRIP = NO;
				DEBUG_INFORMATION_FORMAT = "dwarf-with-dsym";
				ENABLE_NS_ASSERTIONS = NO;
				ENABLE_STRICT_OBJC_MSGSEND = YES;
				GCC_C_LANGUAGE_STANDARD = gnu11;
				GCC_NO_COMMON_BLOCKS = YES;
				GCC_WARN_64_TO_32_BIT_CONVERSION = YES;
				GCC_WARN_ABOUT_RETURN_TYPE = YES_ERROR;
				GCC_WARN_UNDECLARED_SELECTOR = YES;
				GCC_WARN_UNINITIALIZED_AUTOS = YES_AGGRESSIVE;
				GCC_WARN_UNUSED_FUNCTION = YES;
				GCC_WARN_UNUSED_VARIABLE = YES;
				IPHONEOS_DEPLOYMENT_TARGET = 12.1;
				MTL_ENABLE_DEBUG_INFO = NO;
				MTL_FAST_MATH = YES;
				SDKROOT = iphoneos;
				VALIDATE_PRODUCT = YES;
			};
			name = Release;
		};
		2C1B14F022D8236200D07FC0 /* Debug */ = {
			isa = XCBuildConfiguration;
			buildSettings = {
				ASSETCATALOG_COMPILER_APPICON_NAME = AppIcon;
				CODE_SIGN_STYLE = Automatic;
				INFOPLIST_FILE = osksi/Info.plist;
				LD_RUNPATH_SEARCH_PATHS = (
					"$(inherited)",
					"@executable_path/Frameworks",
				);
				PRODUCT_BUNDLE_IDENTIFIER = "-.osksi";
				PRODUCT_NAME = "$(TARGET_NAME)";
				TARGETED_DEVICE_FAMILY = "1,2";
			};
			name = Debug;
		};
		2C1B14F122D8236200D07FC0 /* Release */ = {
			isa = XCBuildConfiguration;
			buildSettings = {
				ASSETCATALOG_COMPILER_APPICON_NAME = AppIcon;
				CODE_SIGN_STYLE = Automatic;
				INFOPLIST_FILE = osksi/Info.plist;
				LD_RUNPATH_SEARCH_PATHS = (
					"$(inherited)",
					"@executable_path/Frameworks",
				);
				PRODUCT_BUNDLE_IDENTIFIER = "-.osksi";
				PRODUCT_NAME = "$(TARGET_NAME)";
				TARGETED_DEVICE_FAMILY = "1,2";
			};
			name = Release;
		};
		2C1B14F322D8236200D07FC0 /* Debug */ = {
			isa = XCBuildConfiguration;
			buildSettings = {
				BUNDLE_LOADER = "$(TEST_HOST)";
				CODE_SIGN_STYLE = Automatic;
				INFOPLIST_FILE = osksiTests/Info.plist;
				LD_RUNPATH_SEARCH_PATHS = (
					"$(inherited)",
					"@executable_path/Frameworks",
					"@loader_path/Frameworks",
				);
				PRODUCT_BUNDLE_IDENTIFIER = "-.osksiTests";
				PRODUCT_NAME = "$(TARGET_NAME)";
				TARGETED_DEVICE_FAMILY = "1,2";
				TEST_HOST = "$(BUILT_PRODUCTS_DIR)/osksi.app/osksi";
			};
			name = Debug;
		};
		2C1B14F422D8236200D07FC0 /* Release */ = {
			isa = XCBuildConfiguration;
			buildSettings = {
				BUNDLE_LOADER = "$(TEST_HOST)";
				CODE_SIGN_STYLE = Automatic;
				INFOPLIST_FILE = osksiTests/Info.plist;
				LD_RUNPATH_SEARCH_PATHS = (
					"$(inherited)",
					"@executable_path/Frameworks",
					"@loader_path/Frameworks",
				);
				PRODUCT_BUNDLE_IDENTIFIER = "-.osksiTests";
				PRODUCT_NAME = "$(TARGET_NAME)";
				TARGETED_DEVICE_FAMILY = "1,2";
				TEST_HOST = "$(BUILT_PRODUCTS_DIR)/osksi.app/osksi";
			};
			name = Release;
		};
		2C1B14F622D8236200D07FC0 /* Debug */ = {
			isa = XCBuildConfiguration;
			buildSettings = {
				CODE_SIGN_STYLE = Automatic;
				INFOPLIST_FILE = osksiUITests/Info.plist;
				LD_RUNPATH_SEARCH_PATHS = (
					"$(inherited)",
					"@executable_path/Frameworks",
					"@loader_path/Frameworks",
				);
				PRODUCT_BUNDLE_IDENTIFIER = "-.osksiUITests";
				PRODUCT_NAME = "$(TARGET_NAME)";
				TARGETED_DEVICE_FAMILY = "1,2";
				TEST_TARGET_NAME = osksi;
			};
			name = Debug;
		};
		2C1B14F722D8236200D07FC0 /* Release */ = {
			isa = XCBuildConfiguration;
			buildSettings = {
				CODE_SIGN_STYLE = Automatic;
				INFOPLIST_FILE = osksiUITests/Info.plist;
				LD_RUNPATH_SEARCH_PATHS = (
					"$(inherited)",
					"@executable_path/Frameworks",
					"@loader_path/Frameworks",
				);
				PRODUCT_BUNDLE_IDENTIFIER = "-.osksiUITests";
				PRODUCT_NAME = "$(TARGET_NAME)";
				TARGETED_DEVICE_FAMILY = "1,2";
				TEST_TARGET_NAME = osksi;
			};
			name = Release;
		};
/* End XCBuildConfiguration section */

/* Begin XCConfigurationList section */
		2C1B14BE22D8236000D07FC0 /* Build configuration list for PBXProject "osksi" */ = {
			isa = XCConfigurationList;
			buildConfigurations = (
				2C1B14ED22D8236200D07FC0 /* Debug */,
				2C1B14EE22D8236200D07FC0 /* Release */,
			);
			defaultConfigurationIsVisible = 0;
			defaultConfigurationName = Release;
		};
		2C1B14EF22D8236200D07FC0 /* Build configuration list for PBXNativeTarget "osksi" */ = {
			isa = XCConfigurationList;
			buildConfigurations = (
				2C1B14F022D8236200D07FC0 /* Debug */,
				2C1B14F122D8236200D07FC0 /* Release */,
			);
			defaultConfigurationIsVisible = 0;
			defaultConfigurationName = Release;
		};
		2C1B14F222D8236200D07FC0 /* Build configuration list for PBXNativeTarget "osksiTests" */ = {
			isa = XCConfigurationList;
			buildConfigurations = (
				2C1B14F322D8236200D07FC0 /* Debug */,
				2C1B14F422D8236200D07FC0 /* Release */,
			);
			defaultConfigurationIsVisible = 0;
			defaultConfigurationName = Release;
		};
		2C1B14F522D8236200D07FC0 /* Build configuration list for PBXNativeTarget "osksiUITests" */ = {
			isa = XCConfigurationList;
			buildConfigurations = (
				2C1B14F622D8236200D07FC0 /* Debug */,
				2C1B14F722D8236200D07FC0 /* Release */,
			);
			defaultConfigurationIsVisible = 0;
			defaultConfigurationName = Release;
		};
/* End XCConfigurationList section */
	};
	rootObject = 2C1B14BB22D8236000D07FC0 /* Project object */;
}
